
Microsoft Visual Studio Solution File, Format Version 12.00
# Visual Studio Version 17
VisualStudioVersion = 17.5.33516.290
MinimumVisualStudioVersion = 10.0.40219.1
Project("{FAE04EC0-301F-11D3-BF4B-00C04F79EFBC}") = "VehiCLe_Insurance_API", "VehiCLe_Insurance_API\VehiCLe_Insurance_API.csproj", "{BD44BCCF-6993-4656-AE6D-A9911DCFDD06}"
EndProject
Project("{FAE04EC0-301F-11D3-BF4B-00C04F79EFBC}") = "Common", "Common\Common.csproj", "{4DF5D8CC-227A-463B-8113-3C189E2244CA}"
EndProject
Project("{FAE04EC0-301F-11D3-BF4B-00C04F79EFBC}") = "Model", "Model\Model.csproj", "{7AA9687D-20C5-4845-BB16-AAD12F6CB620}"
EndProject
Global
	GlobalSection(SolutionConfigurationPlatforms) = preSolution
		Debug|Any CPU = Debug|Any CPU
		Release|Any CPU = Release|Any CPU
	EndGlobalSection
	GlobalSection(ProjectConfigurationPlatforms) = postSolution
		{BD44BCCF-6993-4656-AE6D-A9911DCFDD06}.Debug|Any CPU.ActiveCfg = Debug|Any CPU
		{BD44BCCF-6993-4656-AE6D-A9911DCFDD06}.Debug|Any CPU.Build.0 = Debug|Any CPU
		{BD44BCCF-6993-4656-AE6D-A9911DCFDD06}.Release|Any CPU.ActiveCfg = Release|Any CPU
		{BD44BCCF-6993-4656-AE6D-A9911DCFDD06}.Release|Any CPU.Build.0 = Release|Any CPU
		{4DF5D8CC-227A-463B-8113-3C189E2244CA}.Debug|Any CPU.ActiveCfg = Debug|Any CPU
		{4DF5D8CC-227A-463B-8113-3C189E2244CA}.Debug|Any CPU.Build.0 = Debug|Any CPU
		{4DF5D8CC-227A-463B-8113-3C189E2244CA}.Release|Any CPU.ActiveCfg = Release|Any CPU
		{4DF5D8CC-227A-463B-8113-3C189E2244CA}.Release|Any CPU.Build.0 = Release|Any CPU
		{7AA9687D-20C5-4845-BB16-AAD12F6CB620}.Debug|Any CPU.ActiveCfg = Debug|Any CPU
		{7AA9687D-20C5-4845-BB16-AAD12F6CB620}.Debug|Any CPU.Build.0 = Debug|Any CPU
		{7AA9687D-20C5-4845-BB16-AAD12F6CB620}.Release|Any CPU.ActiveCfg = Release|Any CPU
		{7AA9687D-20C5-4845-BB16-AAD12F6CB620}.Release|Any CPU.Build.0 = Release|Any CPU
	EndGlobalSection
	GlobalSection(SolutionProperties) = preSolution
		HideSolutionNode = FALSE
	EndGlobalSection
	GlobalSection(ExtensibilityGlobals) = postSolution
		SolutionGuid = {E9A7623E-1942-41B1-806F-F12BE0604F17}
	EndGlobalSection
EndGlobal
